
Microsoft Visual Studio Solution File, Format Version 12.00
# Visual Studio 15
VisualStudioVersion = 15.0.28010.2003
MinimumVisualStudioVersion = 10.0.40219.1
Project("{FAE04EC0-301F-11D3-BF4B-00C04F79EFBC}") = "LayoutsProject.Android", "LayoutsProject\LayoutsProject.Android\LayoutsProject.Android.csproj", "{9AE97E23-D658-45BF-A76B-272FEC6A37AF}"
EndProject
Project("{FAE04EC0-301F-11D3-BF4B-00C04F79EFBC}") = "LayoutsProject.iOS", "LayoutsProject\LayoutsProject.iOS\LayoutsProject.iOS.csproj", "{B83AF307-5018-4695-9918-61F9D5EEF3D0}"
EndProject
Project("{FAE04EC0-301F-11D3-BF4B-00C04F79EFBC}") = "LayoutsProject.UWP", "LayoutsProject\LayoutsProject.UWP\LayoutsProject.UWP.csproj", "{871A8AF4-3FED-4F1E-A117-D08BDBE92935}"
EndProject
Project("{FAE04EC0-301F-11D3-BF4B-00C04F79EFBC}") = "LayoutsProject", "LayoutsProject\LayoutsProject\LayoutsProject.csproj", "{3945ABBD-ACE8-4929-A610-091602783284}"
EndProject
Global
	GlobalSection(SolutionConfigurationPlatforms) = preSolution
		Ad-Hoc|Any CPU = Ad-Hoc|Any CPU
		Ad-Hoc|ARM = Ad-Hoc|ARM
		Ad-Hoc|iPhone = Ad-Hoc|iPhone
		Ad-Hoc|iPhoneSimulator = Ad-Hoc|iPhoneSimulator
		Ad-Hoc|x64 = Ad-Hoc|x64
		Ad-Hoc|x86 = Ad-Hoc|x86
		AppStore|Any CPU = AppStore|Any CPU
		AppStore|ARM = AppStore|ARM
		AppStore|iPhone = AppStore|iPhone
		AppStore|iPhoneSimulator = AppStore|iPhoneSimulator
		AppStore|x64 = AppStore|x64
		AppStore|x86 = AppStore|x86
		Debug|Any CPU = Debug|Any CPU
		Debug|ARM = Debug|ARM
		Debug|iPhone = Debug|iPhone
		Debug|iPhoneSimulator = Debug|iPhoneSimulator
		Debug|x64 = Debug|x64
		Debug|x86 = Debug|x86
		Release|Any CPU = Release|Any CPU
		Release|ARM = Release|ARM
		Release|iPhone = Release|iPhone
		Release|iPhoneSimulator = Release|iPhoneSimulator
		Release|x64 = Release|x64
		Release|x86 = Release|x86
	EndGlobalSection
	GlobalSection(ProjectConfigurationPlatforms) = postSolution
		{9AE97E23-D658-45BF-A76B-272FEC6A37AF}.Ad-Hoc|Any CPU.ActiveCfg = Release|Any CPU
		{9AE97E23-D658-45BF-A76B-272FEC6A37AF}.Ad-Hoc|Any CPU.Build.0 = Release|Any CPU
		{9AE97E23-D658-45BF-A76B-272FEC6A37AF}.Ad-Hoc|Any CPU.Deploy.0 = Release|Any CPU
		{9AE97E23-D658-45BF-A76B-272FEC6A37AF}.Ad-Hoc|ARM.ActiveCfg = Release|Any CPU
		{9AE97E23-D658-45BF-A76B-272FEC6A37AF}.Ad-Hoc|ARM.Build.0 = Release|Any CPU
		{9AE97E23-D658-45BF-A76B-272FEC6A37AF}.Ad-Hoc|ARM.Deploy.0 = Release|Any CPU
		{9AE97E23-D658-45BF-A76B-272FEC6A37AF}.Ad-Hoc|iPhone.ActiveCfg = Release|Any CPU
		{9AE97E23-D658-45BF-A76B-272FEC6A37AF}.Ad-Hoc|iPhone.Build.0 = Release|Any CPU
		{9AE97E23-D658-45BF-A76B-272FEC6A37AF}.Ad-Hoc|iPhone.Deploy.0 = Release|Any CPU
		{9AE97E23-D658-45BF-A76B-272FEC6A37AF}.Ad-Hoc|iPhoneSimulator.ActiveCfg = Release|Any CPU
		{9AE97E23-D658-45BF-A76B-272FEC6A37AF}.Ad-Hoc|iPhoneSimulator.Build.0 = Release|Any CPU
		{9AE97E23-D658-45BF-A76B-272FEC6A37AF}.Ad-Hoc|iPhoneSimulator.Deploy.0 = Release|Any CPU
		{9AE97E23-D658-45BF-A76B-272FEC6A37AF}.Ad-Hoc|x64.ActiveCfg = Release|Any CPU
		{9AE97E23-D658-45BF-A76B-272FEC6A37AF}.Ad-Hoc|x64.Build.0 = Release|Any CPU
		{9AE97E23-D658-45BF-A76B-272FEC6A37AF}.Ad-Hoc|x64.Deploy.0 = Release|Any CPU
		{9AE97E23-D658-45BF-A76B-272FEC6A37AF}.Ad-Hoc|x86.ActiveCfg = Release|Any CPU
		{9AE97E23-D658-45BF-A76B-272FEC6A37AF}.Ad-Hoc|x86.Build.0 = Release|Any CPU
		{9AE97E23-D658-45BF-A76B-272FEC6A37AF}.Ad-Hoc|x86.Deploy.0 = Release|Any CPU
		{9AE97E23-D658-45BF-A76B-272FEC6A37AF}.AppStore|Any CPU.ActiveCfg = Release|Any CPU
		{9AE97E23-D658-45BF-A76B-272FEC6A37AF}.AppStore|Any CPU.Build.0 = Release|Any CPU
		{9AE97E23-D658-45BF-A76B-272FEC6A37AF}.AppStore|Any CPU.Deploy.0 = Release|Any CPU
		{9AE97E23-D658-45BF-A76B-272FEC6A37AF}.AppStore|ARM.ActiveCfg = Release|Any CPU
		{9AE97E23-D658-45BF-A76B-272FEC6A37AF}.AppStore|ARM.Build.0 = Release|Any CPU
		{9AE97E23-D658-45BF-A76B-272FEC6A37AF}.AppStore|ARM.Deploy.0 = Release|Any CPU
		{9AE97E23-D658-45BF-A76B-272FEC6A37AF}.AppStore|iPhone.ActiveCfg = Release|Any CPU
		{9AE97E23-D658-45BF-A76B-272FEC6A37AF}.AppStore|iPhone.Build.0 = Release|Any CPU
		{9AE97E23-D658-45BF-A76B-272FEC6A37AF}.AppStore|iPhone.Deploy.0 = Release|Any CPU
		{9AE97E23-D658-45BF-A76B-272FEC6A37AF}.AppStore|iPhoneSimulator.ActiveCfg = Release|Any CPU
		{9AE97E23-D658-45BF-A76B-272FEC6A37AF}.AppStore|iPhoneSimulator.Build.0 = Release|Any CPU
		{9AE97E23-D658-45BF-A76B-272FEC6A37AF}.AppStore|iPhoneSimulator.Deploy.0 = Release|Any CPU
		{9AE97E23-D658-45BF-A76B-272FEC6A37AF}.AppStore|x64.ActiveCfg = Release|Any CPU
		{9AE97E23-D658-45BF-A76B-272FEC6A37AF}.AppStore|x64.Build.0 = Release|Any CPU
		{9AE97E23-D658-45BF-A76B-272FEC6A37AF}.AppStore|x64.Deploy.0 = Release|Any CPU
		{9AE97E23-D658-45BF-A76B-272FEC6A37AF}.AppStore|x86.ActiveCfg = Release|Any CPU
		{9AE97E23-D658-45BF-A76B-272FEC6A37AF}.AppStore|x86.Build.0 = Release|Any CPU
		{9AE97E23-D658-45BF-A76B-272FEC6A37AF}.AppStore|x86.Deploy.0 = Release|Any CPU
		{9AE97E23-D658-45BF-A76B-272FEC6A37AF}.Debug|Any CPU.ActiveCfg = Debug|Any CPU
		{9AE97E23-D658-45BF-A76B-272FEC6A37AF}.Debug|Any CPU.Build.0 = Debug|Any CPU
		{9AE97E23-D658-45BF-A76B-272FEC6A37AF}.Debug|Any CPU.Deploy.0 = Debug|Any CPU
		{9AE97E23-D658-45BF-A76B-272FEC6A37AF}.Debug|ARM.ActiveCfg = Debug|Any CPU
		{9AE97E23-D658-45BF-A76B-272FEC6A37AF}.Debug|ARM.Build.0 = Debug|Any CPU
		{9AE97E23-D658-45BF-A76B-272FEC6A37AF}.Debug|ARM.Deploy.0 = Debug|Any CPU
		{9AE97E23-D658-45BF-A76B-272FEC6A37AF}.Debug|iPhone.ActiveCfg = Debug|Any CPU
		{9AE97E23-D658-45BF-A76B-272FEC6A37AF}.Debug|iPhone.Build.0 = Debug|Any CPU
		{9AE97E23-D658-45BF-A76B-272FEC6A37AF}.Debug|iPhone.Deploy.0 = Debug|Any CPU
		{9AE97E23-D658-45BF-A76B-272FEC6A37AF}.Debug|iPhoneSimulator.ActiveCfg = Debug|Any CPU
		{9AE97E23-D658-45BF-A76B-272FEC6A37AF}.Debug|iPhoneSimulator.Build.0 = Debug|Any CPU
		{9AE97E23-D658-45BF-A76B-272FEC6A37AF}.Debug|iPhoneSimulator.Deploy.0 = Debug|Any CPU
		{9AE97E23-D658-45BF-A76B-272FEC6A37AF}.Debug|x64.ActiveCfg = Debug|Any CPU
		{9AE97E23-D658-45BF-A76B-272FEC6A37AF}.Debug|x64.Build.0 = Debug|Any CPU
		{9AE97E23-D658-45BF-A76B-272FEC6A37AF}.Debug|x64.Deploy.0 = Debug|Any CPU
		{9AE97E23-D658-45BF-A76B-272FEC6A37AF}.Debug|x86.ActiveCfg = Debug|Any CPU
		{9AE97E23-D658-45BF-A76B-272FEC6A37AF}.Debug|x86.Build.0 = Debug|Any CPU
		{9AE97E23-D658-45BF-A76B-272FEC6A37AF}.Debug|x86.Deploy.0 = Debug|Any CPU
		{9AE97E23-D658-45BF-A76B-272FEC6A37AF}.Release|Any CPU.ActiveCfg = Release|Any CPU
		{9AE97E23-D658-45BF-A76B-272FEC6A37AF}.Release|Any CPU.Build.0 = Release|Any CPU
		{9AE97E23-D658-45BF-A76B-272FEC6A37AF}.Release|Any CPU.Deploy.0 = Release|Any CPU
		{9AE97E23-D658-45BF-A76B-272FEC6A37AF}.Release|ARM.ActiveCfg = Release|Any CPU
		{9AE97E23-D658-45BF-A76B-272FEC6A37AF}.Release|ARM.Build.0 = Release|Any CPU
		{9AE97E23-D658-45BF-A76B-272FEC6A37AF}.Release|ARM.Deploy.0 = Release|Any CPU
		{9AE97E23-D658-45BF-A76B-272FEC6A37AF}.Release|iPhone.ActiveCfg = Release|Any CPU
		{9AE97E23-D658-45BF-A76B-272FEC6A37AF}.Release|iPhone.Build.0 = Release|Any CPU
		{9AE97E23-D658-45BF-A76B-272FEC6A37AF}.Release|iPhone.Deploy.0 = Release|Any CPU
		{9AE97E23-D658-45BF-A76B-272FEC6A37AF}.Release|iPhoneSimulator.ActiveCfg = Release|Any CPU
		{9AE97E23-D658-45BF-A76B-272FEC6A37AF}.Release|iPhoneSimulator.Build.0 = Release|Any CPU
		{9AE97E23-D658-45BF-A76B-272FEC6A37AF}.Release|iPhoneSimulator.Deploy.0 = Release|Any CPU
		{9AE97E23-D658-45BF-A76B-272FEC6A37AF}.Release|x64.ActiveCfg = Release|Any CPU
		{9AE97E23-D658-45BF-A76B-272FEC6A37AF}.Release|x64.Build.0 = Release|Any CPU
		{9AE97E23-D658-45BF-A76B-272FEC6A37AF}.Release|x64.Deploy.0 = Release|Any CPU
		{9AE97E23-D658-45BF-A76B-272FEC6A37AF}.Release|x86.ActiveCfg = Release|Any CPU
		{9AE97E23-D658-45BF-A76B-272FEC6A37AF}.Release|x86.Build.0 = Release|Any CPU
		{9AE97E23-D658-45BF-A76B-272FEC6A37AF}.Release|x86.Deploy.0 = Release|Any CPU
		{B83AF307-5018-4695-9918-61F9D5EEF3D0}.Ad-Hoc|Any CPU.ActiveCfg = Ad-Hoc|iPhone
		{B83AF307-5018-4695-9918-61F9D5EEF3D0}.Ad-Hoc|Any CPU.Build.0 = Ad-Hoc|iPhone
		{B83AF307-5018-4695-9918-61F9D5EEF3D0}.Ad-Hoc|Any CPU.Deploy.0 = Ad-Hoc|iPhone
		{B83AF307-5018-4695-9918-61F9D5EEF3D0}.Ad-Hoc|ARM.ActiveCfg = Ad-Hoc|iPhone
		{B83AF307-5018-4695-9918-61F9D5EEF3D0}.Ad-Hoc|ARM.Build.0 = Ad-Hoc|iPhone
		{B83AF307-5018-4695-9918-61F9D5EEF3D0}.Ad-Hoc|ARM.Deploy.0 = Ad-Hoc|iPhone
		{B83AF307-5018-4695-9918-61F9D5EEF3D0}.Ad-Hoc|iPhone.ActiveCfg = Ad-Hoc|iPhone
		{B83AF307-5018-4695-9918-61F9D5EEF3D0}.Ad-Hoc|iPhone.Build.0 = Ad-Hoc|iPhone
		{B83AF307-5018-4695-9918-61F9D5EEF3D0}.Ad-Hoc|iPhone.Deploy.0 = Ad-Hoc|iPhone
		{B83AF307-5018-4695-9918-61F9D5EEF3D0}.Ad-Hoc|iPhoneSimulator.ActiveCfg = Ad-Hoc|iPhoneSimulator
		{B83AF307-5018-4695-9918-61F9D5EEF3D0}.Ad-Hoc|iPhoneSimulator.Build.0 = Ad-Hoc|iPhoneSimulator
		{B83AF307-5018-4695-9918-61F9D5EEF3D0}.Ad-Hoc|iPhoneSimulator.Deploy.0 = Ad-Hoc|iPhoneSimulator
		{B83AF307-5018-4695-9918-61F9D5EEF3D0}.Ad-Hoc|x64.ActiveCfg = Ad-Hoc|iPhone
		{B83AF307-5018-4695-9918-61F9D5EEF3D0}.Ad-Hoc|x64.Build.0 = Ad-Hoc|iPhone
		{B83AF307-5018-4695-9918-61F9D5EEF3D0}.Ad-Hoc|x64.Deploy.0 = Ad-Hoc|iPhone
		{B83AF307-5018-4695-9918-61F9D5EEF3D0}.Ad-Hoc|x86.ActiveCfg = Ad-Hoc|iPhone
		{B83AF307-5018-4695-9918-61F9D5EEF3D0}.Ad-Hoc|x86.Build.0 = Ad-Hoc|iPhone
		{B83AF307-5018-4695-9918-61F9D5EEF3D0}.Ad-Hoc|x86.Deploy.0 = Ad-Hoc|iPhone
		{B83AF307-5018-4695-9918-61F9D5EEF3D0}.AppStore|Any CPU.ActiveCfg = AppStore|iPhone
		{B83AF307-5018-4695-9918-61F9D5EEF3D0}.AppStore|Any CPU.Build.0 = AppStore|iPhone
		{B83AF307-5018-4695-9918-61F9D5EEF3D0}.AppStore|Any CPU.Deploy.0 = AppStore|iPhone
		{B83AF307-5018-4695-9918-61F9D5EEF3D0}.AppStore|ARM.ActiveCfg = AppStore|iPhone
		{B83AF307-5018-4695-9918-61F9D5EEF3D0}.AppStore|ARM.Build.0 = AppStore|iPhone
		{B83AF307-5018-4695-9918-61F9D5EEF3D0}.AppStore|ARM.Deploy.0 = AppStore|iPhone
		{B83AF307-5018-4695-9918-61F9D5EEF3D0}.AppStore|iPhone.ActiveCfg = AppStore|iPhone
		{B83AF307-5018-4695-9918-61F9D5EEF3D0}.AppStore|iPhone.Build.0 = AppStore|iPhone
		{B83AF307-5018-4695-9918-61F9D5EEF3D0}.AppStore|iPhone.Deploy.0 = AppStore|iPhone
		{B83AF307-5018-4695-9918-61F9D5EEF3D0}.AppStore|iPhoneSimulator.ActiveCfg = AppStore|iPhoneSimulator
		{B83AF307-5018-4695-9918-61F9D5EEF3D0}.AppStore|iPhoneSimulator.Build.0 = AppStore|iPhoneSimulator
		{B83AF307-5018-4695-9918-61F9D5EEF3D0}.AppStore|iPhoneSimulator.Deploy.0 = AppStore|iPhoneSimulator
		{B83AF307-5018-4695-9918-61F9D5EEF3D0}.AppStore|x64.ActiveCfg = AppStore|iPhone
		{B83AF307-5018-4695-9918-61F9D5EEF3D0}.AppStore|x64.Build.0 = AppStore|iPhone
		{B83AF307-5018-4695-9918-61F9D5EEF3D0}.AppStore|x64.Deploy.0 = AppStore|iPhone
		{B83AF307-5018-4695-9918-61F9D5EEF3D0}.AppStore|x86.ActiveCfg = AppStore|iPhone
		{B83AF307-5018-4695-9918-61F9D5EEF3D0}.AppStore|x86.Build.0 = AppStore|iPhone
		{B83AF307-5018-4695-9918-61F9D5EEF3D0}.AppStore|x86.Deploy.0 = AppStore|iPhone
		{B83AF307-5018-4695-9918-61F9D5EEF3D0}.Debug|Any CPU.ActiveCfg = Debug|iPhoneSimulator
		{B83AF307-5018-4695-9918-61F9D5EEF3D0}.Debug|Any CPU.Build.0 = Debug|iPhoneSimulator
		{B83AF307-5018-4695-9918-61F9D5EEF3D0}.Debug|Any CPU.Deploy.0 = Debug|iPhoneSimulator
		{B83AF307-5018-4695-9918-61F9D5EEF3D0}.Debug|ARM.ActiveCfg = Debug|iPhone
		{B83AF307-5018-4695-9918-61F9D5EEF3D0}.Debug|ARM.Build.0 = Debug|iPhone
		{B83AF307-5018-4695-9918-61F9D5EEF3D0}.Debug|ARM.Deploy.0 = Debug|iPhone
		{B83AF307-5018-4695-9918-61F9D5EEF3D0}.Debug|iPhone.ActiveCfg = Debug|iPhone
		{B83AF307-5018-4695-9918-61F9D5EEF3D0}.Debug|iPhone.Build.0 = Debug|iPhone
		{B83AF307-5018-4695-9918-61F9D5EEF3D0}.Debug|iPhone.Deploy.0 = Debug|iPhone
		{B83AF307-5018-4695-9918-61F9D5EEF3D0}.Debug|iPhoneSimulator.ActiveCfg = Debug|iPhoneSimulator
		{B83AF307-5018-4695-9918-61F9D5EEF3D0}.Debug|iPhoneSimulator.Build.0 = Debug|iPhoneSimulator
		{B83AF307-5018-4695-9918-61F9D5EEF3D0}.Debug|iPhoneSimulator.Deploy.0 = Debug|iPhoneSimulator
		{B83AF307-5018-4695-9918-61F9D5EEF3D0}.Debug|x64.ActiveCfg = Debug|iPhone
		{B83AF307-5018-4695-9918-61F9D5EEF3D0}.Debug|x64.Build.0 = Debug|iPhone
		{B83AF307-5018-4695-9918-61F9D5EEF3D0}.Debug|x64.Deploy.0 = Debug|iPhone
		{B83AF307-5018-4695-9918-61F9D5EEF3D0}.Debug|x86.ActiveCfg = Debug|iPhone
		{B83AF307-5018-4695-9918-61F9D5EEF3D0}.Debug|x86.Build.0 = Debug|iPhone
		{B83AF307-5018-4695-9918-61F9D5EEF3D0}.Debug|x86.Deploy.0 = Debug|iPhone
		{B83AF307-5018-4695-9918-61F9D5EEF3D0}.Release|Any CPU.ActiveCfg = Release|iPhone
		{B83AF307-5018-4695-9918-61F9D5EEF3D0}.Release|Any CPU.Build.0 = Release|iPhone
		{B83AF307-5018-4695-9918-61F9D5EEF3D0}.Release|Any CPU.Deploy.0 = Release|iPhone
		{B83AF307-5018-4695-9918-61F9D5EEF3D0}.Release|ARM.ActiveCfg = Release|iPhone
		{B83AF307-5018-4695-9918-61F9D5EEF3D0}.Release|ARM.Build.0 = Release|iPhone
		{B83AF307-5018-4695-9918-61F9D5EEF3D0}.Release|ARM.Deploy.0 = Release|iPhone
		{B83AF307-5018-4695-9918-61F9D5EEF3D0}.Release|iPhone.ActiveCfg = Release|iPhone
		{B83AF307-5018-4695-9918-61F9D5EEF3D0}.Release|iPhone.Build.0 = Release|iPhone
		{B83AF307-5018-4695-9918-61F9D5EEF3D0}.Release|iPhone.Deploy.0 = Release|iPhone
		{B83AF307-5018-4695-9918-61F9D5EEF3D0}.Release|iPhoneSimulator.ActiveCfg = Release|iPhoneSimulator
		{B83AF307-5018-4695-9918-61F9D5EEF3D0}.Release|iPhoneSimulator.Build.0 = Release|iPhoneSimulator
		{B83AF307-5018-4695-9918-61F9D5EEF3D0}.Release|iPhoneSimulator.Deploy.0 = Release|iPhoneSimulator
		{B83AF307-5018-4695-9918-61F9D5EEF3D0}.Release|x64.ActiveCfg = Release|iPhone
		{B83AF307-5018-4695-9918-61F9D5EEF3D0}.Release|x64.Build.0 = Release|iPhone
		{B83AF307-5018-4695-9918-61F9D5EEF3D0}.Release|x64.Deploy.0 = Release|iPhone
		{B83AF307-5018-4695-9918-61F9D5EEF3D0}.Release|x86.ActiveCfg = Release|iPhone
		{B83AF307-5018-4695-9918-61F9D5EEF3D0}.Release|x86.Build.0 = Release|iPhone
		{B83AF307-5018-4695-9918-61F9D5EEF3D0}.Release|x86.Deploy.0 = Release|iPhone
		{871A8AF4-3FED-4F1E-A117-D08BDBE92935}.Ad-Hoc|Any CPU.ActiveCfg = Release|x86
		{871A8AF4-3FED-4F1E-A117-D08BDBE92935}.Ad-Hoc|Any CPU.Build.0 = Release|x86
		{871A8AF4-3FED-4F1E-A117-D08BDBE92935}.Ad-Hoc|Any CPU.Deploy.0 = Release|x86
		{871A8AF4-3FED-4F1E-A117-D08BDBE92935}.Ad-Hoc|ARM.ActiveCfg = Release|ARM
		{871A8AF4-3FED-4F1E-A117-D08BDBE92935}.Ad-Hoc|ARM.Build.0 = Release|ARM
		{871A8AF4-3FED-4F1E-A117-D08BDBE92935}.Ad-Hoc|ARM.Deploy.0 = Release|ARM
		{871A8AF4-3FED-4F1E-A117-D08BDBE92935}.Ad-Hoc|iPhone.ActiveCfg = Release|x86
		{871A8AF4-3FED-4F1E-A117-D08BDBE92935}.Ad-Hoc|iPhone.Build.0 = Release|x86
		{871A8AF4-3FED-4F1E-A117-D08BDBE92935}.Ad-Hoc|iPhone.Deploy.0 = Release|x86
		{871A8AF4-3FED-4F1E-A117-D08BDBE92935}.Ad-Hoc|iPhoneSimulator.ActiveCfg = Release|x86
		{871A8AF4-3FED-4F1E-A117-D08BDBE92935}.Ad-Hoc|iPhoneSimulator.Build.0 = Release|x86
		{871A8AF4-3FED-4F1E-A117-D08BDBE92935}.Ad-Hoc|iPhoneSimulator.Deploy.0 = Release|x86
		{871A8AF4-3FED-4F1E-A117-D08BDBE92935}.Ad-Hoc|x64.ActiveCfg = Release|x64
		{871A8AF4-3FED-4F1E-A117-D08BDBE92935}.Ad-Hoc|x64.Build.0 = Release|x64
		{871A8AF4-3FED-4F1E-A117-D08BDBE92935}.Ad-Hoc|x64.Deploy.0 = Release|x64
		{871A8AF4-3FED-4F1E-A117-D08BDBE92935}.Ad-Hoc|x86.ActiveCfg = Release|x86
		{871A8AF4-3FED-4F1E-A117-D08BDBE92935}.Ad-Hoc|x86.Build.0 = Release|x86
		{871A8AF4-3FED-4F1E-A117-D08BDBE92935}.Ad-Hoc|x86.Deploy.0 = Release|x86
		{871A8AF4-3FED-4F1E-A117-D08BDBE92935}.AppStore|Any CPU.ActiveCfg = Release|x86
		{871A8AF4-3FED-4F1E-A117-D08BDBE92935}.AppStore|Any CPU.Build.0 = Release|x86
		{871A8AF4-3FED-4F1E-A117-D08BDBE92935}.AppStore|Any CPU.Deploy.0 = Release|x86
		{871A8AF4-3FED-4F1E-A117-D08BDBE92935}.AppStore|ARM.ActiveCfg = Release|ARM
		{871A8AF4-3FED-4F1E-A117-D08BDBE92935}.AppStore|ARM.Build.0 = Release|ARM
		{871A8AF4-3FED-4F1E-A117-D08BDBE92935}.AppStore|ARM.Deploy.0 = Release|ARM
		{871A8AF4-3FED-4F1E-A117-D08BDBE92935}.AppStore|iPhone.ActiveCfg = Release|x86
		{871A8AF4-3FED-4F1E-A117-D08BDBE92935}.AppStore|iPhone.Build.0 = Release|x86
		{871A8AF4-3FED-4F1E-A117-D08BDBE92935}.AppStore|iPhone.Deploy.0 = Release|x86
		{871A8AF4-3FED-4F1E-A117-D08BDBE92935}.AppStore|iPhoneSimulator.ActiveCfg = Release|x86
		{871A8AF4-3FED-4F1E-A117-D08BDBE92935}.AppStore|iPhoneSimulator.Build.0 = Release|x86
		{871A8AF4-3FED-4F1E-A117-D08BDBE92935}.AppStore|iPhoneSimulator.Deploy.0 = Release|x86
		{871A8AF4-3FED-4F1E-A117-D08BDBE92935}.AppStore|x64.ActiveCfg = Release|x64
		{871A8AF4-3FED-4F1E-A117-D08BDBE92935}.AppStore|x64.Build.0 = Release|x64
		{871A8AF4-3FED-4F1E-A117-D08BDBE92935}.AppStore|x64.Deploy.0 = Release|x64
		{871A8AF4-3FED-4F1E-A117-D08BDBE92935}.AppStore|x86.ActiveCfg = Release|x86
		{871A8AF4-3FED-4F1E-A117-D08BDBE92935}.AppStore|x86.Build.0 = Release|x86
		{871A8AF4-3FED-4F1E-A117-D08BDBE92935}.AppStore|x86.Deploy.0 = Release|x86
		{871A8AF4-3FED-4F1E-A117-D08BDBE92935}.Debug|Any CPU.ActiveCfg = Debug|x86
		{871A8AF4-3FED-4F1E-A117-D08BDBE92935}.Debug|Any CPU.Build.0 = Debug|x86
		{871A8AF4-3FED-4F1E-A117-D08BDBE92935}.Debug|Any CPU.Deploy.0 = Debug|x86
		{871A8AF4-3FED-4F1E-A117-D08BDBE92935}.Debug|ARM.ActiveCfg = Debug|ARM
		{871A8AF4-3FED-4F1E-A117-D08BDBE92935}.Debug|ARM.Build.0 = Debug|ARM
		{871A8AF4-3FED-4F1E-A117-D08BDBE92935}.Debug|ARM.Deploy.0 = Debug|ARM
		{871A8AF4-3FED-4F1E-A117-D08BDBE92935}.Debug|iPhone.ActiveCfg = Debug|x86
		{871A8AF4-3FED-4F1E-A117-D08BDBE92935}.Debug|iPhone.Build.0 = Debug|x86
		{871A8AF4-3FED-4F1E-A117-D08BDBE92935}.Debug|iPhone.Deploy.0 = Debug|x86
		{871A8AF4-3FED-4F1E-A117-D08BDBE92935}.Debug|iPhoneSimulator.ActiveCfg = Debug|x86
		{871A8AF4-3FED-4F1E-A117-D08BDBE92935}.Debug|iPhoneSimulator.Build.0 = Debug|x86
		{871A8AF4-3FED-4F1E-A117-D08BDBE92935}.Debug|iPhoneSimulator.Deploy.0 = Debug|x86
		{871A8AF4-3FED-4F1E-A117-D08BDBE92935}.Debug|x64.ActiveCfg = Debug|x64
		{871A8AF4-3FED-4F1E-A117-D08BDBE92935}.Debug|x64.Build.0 = Debug|x64
		{871A8AF4-3FED-4F1E-A117-D08BDBE92935}.Debug|x64.Deploy.0 = Debug|x64
		{871A8AF4-3FED-4F1E-A117-D08BDBE92935}.Debug|x86.ActiveCfg = Debug|x86
		{871A8AF4-3FED-4F1E-A117-D08BDBE92935}.Debug|x86.Build.0 = Debug|x86
		{871A8AF4-3FED-4F1E-A117-D08BDBE92935}.Debug|x86.Deploy.0 = Debug|x86
		{871A8AF4-3FED-4F1E-A117-D08BDBE92935}.Release|Any CPU.ActiveCfg = Release|x86
		{871A8AF4-3FED-4F1E-A117-D08BDBE92935}.Release|Any CPU.Build.0 = Release|x86
		{871A8AF4-3FED-4F1E-A117-D08BDBE92935}.Release|Any CPU.Deploy.0 = Release|x86
		{871A8AF4-3FED-4F1E-A117-D08BDBE92935}.Release|ARM.ActiveCfg = Release|ARM
		{871A8AF4-3FED-4F1E-A117-D08BDBE92935}.Release|ARM.Build.0 = Release|ARM
		{871A8AF4-3FED-4F1E-A117-D08BDBE92935}.Release|ARM.Deploy.0 = Release|ARM
		{871A8AF4-3FED-4F1E-A117-D08BDBE92935}.Release|iPhone.ActiveCfg = Release|x86
		{871A8AF4-3FED-4F1E-A117-D08BDBE92935}.Release|iPhone.Build.0 = Release|x86
		{871A8AF4-3FED-4F1E-A117-D08BDBE92935}.Release|iPhone.Deploy.0 = Release|x86
		{871A8AF4-3FED-4F1E-A117-D08BDBE92935}.Release|iPhoneSimulator.ActiveCfg = Release|x86
		{871A8AF4-3FED-4F1E-A117-D08BDBE92935}.Release|iPhoneSimulator.Build.0 = Release|x86
		{871A8AF4-3FED-4F1E-A117-D08BDBE92935}.Release|iPhoneSimulator.Deploy.0 = Release|x86
		{871A8AF4-3FED-4F1E-A117-D08BDBE92935}.Release|x64.ActiveCfg = Release|x64
		{871A8AF4-3FED-4F1E-A117-D08BDBE92935}.Release|x64.Build.0 = Release|x64
		{871A8AF4-3FED-4F1E-A117-D08BDBE92935}.Release|x64.Deploy.0 = Release|x64
		{871A8AF4-3FED-4F1E-A117-D08BDBE92935}.Release|x86.ActiveCfg = Release|x86
		{871A8AF4-3FED-4F1E-A117-D08BDBE92935}.Release|x86.Build.0 = Release|x86
		{871A8AF4-3FED-4F1E-A117-D08BDBE92935}.Release|x86.Deploy.0 = Release|x86
		{3945ABBD-ACE8-4929-A610-091602783284}.Ad-Hoc|Any CPU.ActiveCfg = Debug|Any CPU
		{3945ABBD-ACE8-4929-A610-091602783284}.Ad-Hoc|Any CPU.Build.0 = Debug|Any CPU
		{3945ABBD-ACE8-4929-A610-091602783284}.Ad-Hoc|Any CPU.Deploy.0 = Debug|Any CPU
		{3945ABBD-ACE8-4929-A610-091602783284}.Ad-Hoc|ARM.ActiveCfg = Debug|Any CPU
		{3945ABBD-ACE8-4929-A610-091602783284}.Ad-Hoc|ARM.Build.0 = Debug|Any CPU
		{3945ABBD-ACE8-4929-A610-091602783284}.Ad-Hoc|ARM.Deploy.0 = Debug|Any CPU
		{3945ABBD-ACE8-4929-A610-091602783284}.Ad-Hoc|iPhone.ActiveCfg = Debug|Any CPU
		{3945ABBD-ACE8-4929-A610-091602783284}.Ad-Hoc|iPhone.Build.0 = Debug|Any CPU
		{3945ABBD-ACE8-4929-A610-091602783284}.Ad-Hoc|iPhone.Deploy.0 = Debug|Any CPU
		{3945ABBD-ACE8-4929-A610-091602783284}.Ad-Hoc|iPhoneSimulator.ActiveCfg = Debug|Any CPU
		{3945ABBD-ACE8-4929-A610-091602783284}.Ad-Hoc|iPhoneSimulator.Build.0 = Debug|Any CPU
		{3945ABBD-ACE8-4929-A610-091602783284}.Ad-Hoc|iPhoneSimulator.Deploy.0 = Debug|Any CPU
		{3945ABBD-ACE8-4929-A610-091602783284}.Ad-Hoc|x64.ActiveCfg = Debug|Any CPU
		{3945ABBD-ACE8-4929-A610-091602783284}.Ad-Hoc|x64.Build.0 = Debug|Any CPU
		{3945ABBD-ACE8-4929-A610-091602783284}.Ad-Hoc|x64.Deploy.0 = Debug|Any CPU
		{3945ABBD-ACE8-4929-A610-091602783284}.Ad-Hoc|x86.ActiveCfg = Debug|Any CPU
		{3945ABBD-ACE8-4929-A610-091602783284}.Ad-Hoc|x86.Build.0 = Debug|Any CPU
		{3945ABBD-ACE8-4929-A610-091602783284}.Ad-Hoc|x86.Deploy.0 = Debug|Any CPU
		{3945ABBD-ACE8-4929-A610-091602783284}.AppStore|Any CPU.ActiveCfg = Debug|Any CPU
		{3945ABBD-ACE8-4929-A610-091602783284}.AppStore|Any CPU.Build.0 = Debug|Any CPU
		{3945ABBD-ACE8-4929-A610-091602783284}.AppStore|Any CPU.Deploy.0 = Debug|Any CPU
		{3945ABBD-ACE8-4929-A610-091602783284}.AppStore|ARM.ActiveCfg = Debug|Any CPU
		{3945ABBD-ACE8-4929-A610-091602783284}.AppStore|ARM.Build.0 = Debug|Any CPU
		{3945ABBD-ACE8-4929-A610-091602783284}.AppStore|ARM.Deploy.0 = Debug|Any CPU
		{3945ABBD-ACE8-4929-A610-091602783284}.AppStore|iPhone.ActiveCfg = Debug|Any CPU
		{3945ABBD-ACE8-4929-A610-091602783284}.AppStore|iPhone.Build.0 = Debug|Any CPU
		{3945ABBD-ACE8-4929-A610-091602783284}.AppStore|iPhone.Deploy.0 = Debug|Any CPU
		{3945ABBD-ACE8-4929-A610-091602783284}.AppStore|iPhoneSimulator.ActiveCfg = Debug|Any CPU
		{3945ABBD-ACE8-4929-A610-091602783284}.AppStore|iPhoneSimulator.Build.0 = Debug|Any CPU
		{3945ABBD-ACE8-4929-A610-091602783284}.AppStore|iPhoneSimulator.Deploy.0 = Debug|Any CPU
		{3945ABBD-ACE8-4929-A610-091602783284}.AppStore|x64.ActiveCfg = Debug|Any CPU
		{3945ABBD-ACE8-4929-A610-091602783284}.AppStore|x64.Build.0 = Debug|Any CPU
		{3945ABBD-ACE8-4929-A610-091602783284}.AppStore|x64.Deploy.0 = Debug|Any CPU
		{3945ABBD-ACE8-4929-A610-091602783284}.AppStore|x86.ActiveCfg = Debug|Any CPU
		{3945ABBD-ACE8-4929-A610-091602783284}.AppStore|x86.Build.0 = Debug|Any CPU
		{3945ABBD-ACE8-4929-A610-091602783284}.AppStore|x86.Deploy.0 = Debug|Any CPU
		{3945ABBD-ACE8-4929-A610-091602783284}.Debug|Any CPU.ActiveCfg = Debug|Any CPU
		{3945ABBD-ACE8-4929-A610-091602783284}.Debug|Any CPU.Build.0 = Debug|Any CPU
		{3945ABBD-ACE8-4929-A610-091602783284}.Debug|Any CPU.Deploy.0 = Debug|Any CPU
		{3945ABBD-ACE8-4929-A610-091602783284}.Debug|ARM.ActiveCfg = Debug|Any CPU
		{3945ABBD-ACE8-4929-A610-091602783284}.Debug|ARM.Build.0 = Debug|Any CPU
		{3945ABBD-ACE8-4929-A610-091602783284}.Debug|ARM.Deploy.0 = Debug|Any CPU
		{3945ABBD-ACE8-4929-A610-091602783284}.Debug|iPhone.ActiveCfg = Debug|Any CPU
		{3945ABBD-ACE8-4929-A610-091602783284}.Debug|iPhone.Build.0 = Debug|Any CPU
		{3945ABBD-ACE8-4929-A610-091602783284}.Debug|iPhone.Deploy.0 = Debug|Any CPU
		{3945ABBD-ACE8-4929-A610-091602783284}.Debug|iPhoneSimulator.ActiveCfg = Debug|Any CPU
		{3945ABBD-ACE8-4929-A610-091602783284}.Debug|iPhoneSimulator.Build.0 = Debug|Any CPU
		{3945ABBD-ACE8-4929-A610-091602783284}.Debug|iPhoneSimulator.Deploy.0 = Debug|Any CPU
		{3945ABBD-ACE8-4929-A610-091602783284}.Debug|x64.ActiveCfg = Debug|Any CPU
		{3945ABBD-ACE8-4929-A610-091602783284}.Debug|x64.Build.0 = Debug|Any CPU
		{3945ABBD-ACE8-4929-A610-091602783284}.Debug|x64.Deploy.0 = Debug|Any CPU
		{3945ABBD-ACE8-4929-A610-091602783284}.Debug|x86.ActiveCfg = Debug|Any CPU
		{3945ABBD-ACE8-4929-A610-091602783284}.Debug|x86.Build.0 = Debug|Any CPU
		{3945ABBD-ACE8-4929-A610-091602783284}.Debug|x86.Deploy.0 = Debug|Any CPU
		{3945ABBD-ACE8-4929-A610-091602783284}.Release|Any CPU.ActiveCfg = Release|Any CPU
		{3945ABBD-ACE8-4929-A610-091602783284}.Release|Any CPU.Build.0 = Release|Any CPU
		{3945ABBD-ACE8-4929-A610-091602783284}.Release|Any CPU.Deploy.0 = Release|Any CPU
		{3945ABBD-ACE8-4929-A610-091602783284}.Release|ARM.ActiveCfg = Release|Any CPU
		{3945ABBD-ACE8-4929-A610-091602783284}.Release|ARM.Build.0 = Release|Any CPU
		{3945ABBD-ACE8-4929-A610-091602783284}.Release|ARM.Deploy.0 = Release|Any CPU
		{3945ABBD-ACE8-4929-A610-091602783284}.Release|iPhone.ActiveCfg = Release|Any CPU
		{3945ABBD-ACE8-4929-A610-091602783284}.Release|iPhone.Build.0 = Release|Any CPU
		{3945ABBD-ACE8-4929-A610-091602783284}.Release|iPhone.Deploy.0 = Release|Any CPU
		{3945ABBD-ACE8-4929-A610-091602783284}.Release|iPhoneSimulator.ActiveCfg = Release|Any CPU
		{3945ABBD-ACE8-4929-A610-091602783284}.Release|iPhoneSimulator.Build.0 = Release|Any CPU
		{3945ABBD-ACE8-4929-A610-091602783284}.Release|iPhoneSimulator.Deploy.0 = Release|Any CPU
		{3945ABBD-ACE8-4929-A610-091602783284}.Release|x64.ActiveCfg = Release|Any CPU
		{3945ABBD-ACE8-4929-A610-091602783284}.Release|x64.Build.0 = Release|Any CPU
		{3945ABBD-ACE8-4929-A610-091602783284}.Release|x64.Deploy.0 = Release|Any CPU
		{3945ABBD-ACE8-4929-A610-091602783284}.Release|x86.ActiveCfg = Release|Any CPU
		{3945ABBD-ACE8-4929-A610-091602783284}.Release|x86.Build.0 = Release|Any CPU
		{3945ABBD-ACE8-4929-A610-091602783284}.Release|x86.Deploy.0 = Release|Any CPU
	EndGlobalSection
	GlobalSection(SolutionProperties) = preSolution
		HideSolutionNode = FALSE
	EndGlobalSection
	GlobalSection(ExtensibilityGlobals) = postSolution
		SolutionGuid = {5E18E2B3-D858-473B-9A45-D15A80BE779F}
	EndGlobalSection
EndGlobal
